// !$*UTF8*$!
{
	archiveVersion = 1;
	classes = {
	};
	objectVersion = 46;
	objects = {

/* Begin PBXBuildFile section */
		0DF03B161F1B9C05003D728F /* task.cpp in Sources */ = {isa = PBXBuildFile; fileRef = 0DF03B0C1F1B9C05003D728F /* task.cpp */; };
		0DF03B171F1B9C05003D728F /* model.cpp in Sources */ = {isa = PBXBuildFile; fileRef = 0DF03B0E1F1B9C05003D728F /* model.cpp */; };
		0DF03B181F1B9C05003D728F /* mainwindow.cpp in Sources */ = {isa = PBXBuildFile; fileRef = 0DF03B101F1B9C05003D728F /* mainwindow.cpp */; };
		0DF03B191F1B9C05003D728F /* main.cpp in Sources */ = {isa = PBXBuildFile; fileRef = 0DF03B111F1B9C05003D728F /* main.cpp */; };
		0DF03B1A1F1B9C05003D728F /* controller.cpp in Sources */ = {isa = PBXBuildFile; fileRef = 0DF03B141F1B9C05003D728F /* controller.cpp */; };
/* End PBXBuildFile section */

/* Begin PBXCopyFilesBuildPhase section */
		0DF03AFD1F1B98BE003D728F /* CopyFiles */ = {
			isa = PBXCopyFilesBuildPhase;
			buildActionMask = 2147483647;
			dstPath = /usr/share/man/man1/;
			dstSubfolderSpec = 0;
			files = (
			);
			runOnlyForDeploymentPostprocessing = 1;
		};
/* End PBXCopyFilesBuildPhase section */

/* Begin PBXFileReference section */
		0DF03AFF1F1B98BE003D728F /* test */ = {isa = PBXFileReference; explicitFileType = "compiled.mach-o.executable"; includeInIndex = 0; path = test; sourceTree = BUILT_PRODUCTS_DIR; };
		0DF03B0B1F1B9C05003D728F /* task.h */ = {isa = PBXFileReference; fileEncoding = 4; lastKnownFileType = sourcecode.c.h; name = task.h; path = "../../../../Downloads/源文件/task.h"; sourceTree = "<group>"; };
		0DF03B0C1F1B9C05003D728F /* task.cpp */ = {isa = PBXFileReference; fileEncoding = 4; lastKnownFileType = sourcecode.cpp.cpp; name = task.cpp; path = "../../../../Downloads/源文件/task.cpp"; sourceTree = "<group>"; };
		0DF03B0D1F1B9C05003D728F /* model.h */ = {isa = PBXFileReference; fileEncoding = 4; lastKnownFileType = sourcecode.c.h; name = model.h; path = "../../../../Downloads/源文件/model.h"; sourceTree = "<group>"; };
		0DF03B0E1F1B9C05003D728F /* model.cpp */ = {isa = PBXFileReference; fileEncoding = 4; lastKnownFileType = sourcecode.cpp.cpp; name = model.cpp; path = "../../../../Downloads/源文件/model.cpp"; sourceTree = "<group>"; };
		0DF03B0F1F1B9C05003D728F /* mainwindow.h */ = {isa = PBXFileReference; fileEncoding = 4; lastKnownFileType = sourcecode.c.h; name = mainwindow.h; path = "../../../../Downloads/源文件/mainwindow.h"; sourceTree = "<group>"; };
		0DF03B101F1B9C05003D728F /* mainwindow.cpp */ = {isa = PBXFileReference; fileEncoding = 4; lastKnownFileType = sourcecode.cpp.cpp; name = mainwindow.cpp; path = "../../../../Downloads/源文件/mainwindow.cpp"; sourceTree = "<group>"; };
		0DF03B111F1B9C05003D728F /* main.cpp */ = {isa = PBXFileReference; fileEncoding = 4; lastKnownFileType = sourcecode.cpp.cpp; name = main.cpp; path = "../../../../Downloads/源文件/main.cpp"; sourceTree = "<group>"; };
		0DF03B121F1B9C05003D728F /* data.h */ = {isa = PBXFileReference; fileEncoding = 4; lastKnownFileType = sourcecode.c.h; name = data.h; path = "../../../../Downloads/源文件/data.h"; sourceTree = "<group>"; };
		0DF03B131F1B9C05003D728F /* controller.h */ = {isa = PBXFileReference; fileEncoding = 4; lastKnownFileType = sourcecode.c.h; name = controller.h; path = "../../../../Downloads/源文件/controller.h"; sourceTree = "<group>"; };
		0DF03B141F1B9C05003D728F /* controller.cpp */ = {isa = PBXFileReference; fileEncoding = 4; lastKnownFileType = sourcecode.cpp.cpp; name = controller.cpp; path = "../../../../Downloads/源文件/controller.cpp"; sourceTree = "<group>"; };
		0DF03B151F1B9C05003D728F /* adddialog.h */ = {isa = PBXFileReference; fileEncoding = 4; lastKnownFileType = sourcecode.c.h; name = adddialog.h; path = "../../../../Downloads/源文件/adddialog.h"; sourceTree = "<group>"; };
/* End PBXFileReference section */

/* Begin PBXFrameworksBuildPhase section */
		0DF03AFC1F1B98BE003D728F /* Frameworks */ = {
			isa = PBXFrameworksBuildPhase;
			buildActionMask = 2147483647;
			files = (
			);
			runOnlyForDeploymentPostprocessing = 0;
		};
/* End PBXFrameworksBuildPhase section */

/* Begin PBXGroup section */
		0DF03AF61F1B98BE003D728F = {
			isa = PBXGroup;
			children = (
				0DF03B011F1B98BE003D728F /* test */,
				0DF03B001F1B98BE003D728F /* Products */,
			);
			sourceTree = "<group>";
		};
		0DF03B001F1B98BE003D728F /* Products */ = {
			isa = PBXGroup;
			children = (
				0DF03AFF1F1B98BE003D728F /* test */,
			);
			name = Products;
			sourceTree = "<group>";
		};
		0DF03B011F1B98BE003D728F /* test */ = {
			isa = PBXGroup;
			children = (
				0DF03B0B1F1B9C05003D728F /* task.h */,
				0DF03B0C1F1B9C05003D728F /* task.cpp */,
				0DF03B0D1F1B9C05003D728F /* model.h */,
				0DF03B0E1F1B9C05003D728F /* model.cpp */,
				0DF03B0F1F1B9C05003D728F /* mainwindow.h */,
				0DF03B101F1B9C05003D728F /* mainwindow.cpp */,
				0DF03B111F1B9C05003D728F /* main.cpp */,
				0DF03B121F1B9C05003D728F /* data.h */,
				0DF03B131F1B9C05003D728F /* controller.h */,
				0DF03B141F1B9C05003D728F /* controller.cpp */,
				0DF03B151F1B9C05003D728F /* adddialog.h */,
			);
			path = test;
			sourceTree = "<group>";
		};
/* End PBXGroup section */

/* Begin PBXNativeTarget section */
		0DF03AFE1F1B98BE003D728F /* test */ = {
			isa = PBXNativeTarget;
			buildConfigurationList = 0DF03B061F1B98BE003D728F /* Build configuration list for PBXNativeTarget "test" */;
			buildPhases = (
				0DF03AFB1F1B98BE003D728F /* Sources */,
				0DF03AFC1F1B98BE003D728F /* Frameworks */,
				0DF03AFD1F1B98BE003D728F /* CopyFiles */,
			);
			buildRules = (
			);
			dependencies = (
			);
			name = test;
			productName = test;
			productReference = 0DF03AFF1F1B98BE003D728F /* test */;
			productType = "com.apple.product-type.tool";
		};
/* End PBXNativeTarget section */

/* Begin PBXProject section */
		0DF03AF71F1B98BE003D728F /* Project object */ = {
			isa = PBXProject;
			attributes = {
				LastUpgradeCheck = 0830;
				ORGANIZATIONNAME = Lean;
				TargetAttributes = {
					0DF03AFE1F1B98BE003D728F = {
						CreatedOnToolsVersion = 8.3.3;
						ProvisioningStyle = Automatic;
					};
				};
			};
			buildConfigurationList = 0DF03AFA1F1B98BE003D728F /* Build configuration list for PBXProject "test" */;
			compatibilityVersion = "Xcode 3.2";
			developmentRegion = English;
			hasScannedForEncodings = 0;
			knownRegions = (
				en,
			);
			mainGroup = 0DF03AF61F1B98BE003D728F;
			productRefGroup = 0DF03B001F1B98BE003D728F /* Products */;
			projectDirPath = "";
			projectRoot = "";
			targets = (
				0DF03AFE1F1B98BE003D728F /* test */,
			);
		};
/* End PBXProject section */

/* Begin PBXSourcesBuildPhase section */
		0DF03AFB1F1B98BE003D728F /* Sources */ = {
			isa = PBXSourcesBuildPhase;
			buildActionMask = 2147483647;
			files = (
				0DF03B161F1B9C05003D728F /* task.cpp in Sources */,
				0DF03B171F1B9C05003D728F /* model.cpp in Sources */,
				0DF03B1A1F1B9C05003D728F /* controller.cpp in Sources */,
				0DF03B191F1B9C05003D728F /* main.cpp in Sources */,
				0DF03B181F1B9C05003D728F /* mainwindow.cpp in Sources */,
			);
			runOnlyForDeploymentPostprocessing = 0;
		};
/* End PBXSourcesBuildPhase section */

/* Begin XCBuildConfiguration section */
		0DF03B041F1B98BE003D728F /* Debug */ = {
			isa = XCBuildConfiguration;
			buildSettings = {
				ALWAYS_SEARCH_USER_PATHS = NO;
				CLANG_ANALYZER_NONNULL = YES;
				CLANG_ANALYZER_NUMBER_OBJECT_CONVERSION = YES_AGGRESSIVE;
				CLANG_CXX_LANGUAGE_STANDARD = "gnu++0x";
				CLANG_CXX_LIBRARY = "libc++";
				CLANG_ENABLE_MODULES = YES;
				CLANG_ENABLE_OBJC_ARC = YES;
				CLANG_WARN_BOOL_CONVERSION = YES;
				CLANG_WARN_CONSTANT_CONVERSION = YES;
				CLANG_WARN_DIRECT_OBJC_ISA_USAGE = YES_ERROR;
				CLANG_WARN_DOCUMENTATION_COMMENTS = YES;
				CLANG_WARN_EMPTY_BODY = YES;
				CLANG_WARN_ENUM_CONVERSION = YES;
				CLANG_WARN_INFINITE_RECURSION = YES;
				CLANG_WARN_INT_CONVERSION = YES;
				CLANG_WARN_OBJC_ROOT_CLASS = YES_ERROR;
				CLANG_WARN_SUSPICIOUS_MOVE = YES;
				CLANG_WARN_UNREACHABLE_CODE = YES;
				CLANG_WARN__DUPLICATE_METHOD_MATCH = YES;
				CODE_SIGN_IDENTITY = "-";
				COPY_PHASE_STRIP = NO;
				DEBUG_INFORMATION_FORMAT = dwarf;
				ENABLE_STRICT_OBJC_MSGSEND = YES;
				ENABLE_TESTABILITY = YES;
				GCC_C_LANGUAGE_STANDARD = gnu99;
				GCC_DYNAMIC_NO_PIC = NO;
				GCC_NO_COMMON_BLOCKS = YES;
				GCC_OPTIMIZATION_LEVEL = 0;
				GCC_PREPROCESSOR_DEFINITIONS = (
					"DEBUG=1",
					"$(inherited)",
				);
				GCC_WARN_64_TO_32_BIT_CONVERSION = YES;
				GCC_WARN_ABOUT_RETURN_TYPE = YES_ERROR;
				GCC_WARN_UNDECLARED_SELECTOR = YES;
				GCC_WARN_UNINITIALIZED_AUTOS = YES_AGGRESSIVE;
				GCC_WARN_UNUSED_FUNCTION = YES;
				GCC_WARN_UNUSED_VARIABLE = YES;
				MACOSX_DEPLOYMENT_TARGET = 10.12;
				MTL_ENABLE_DEBUG_INFO = YES;
				ONLY_ACTIVE_ARCH = YES;
				SDKROOT = macosx;
			};
			name = Debug;
		};
		0DF03B051F1B98BE003D728F /* Release */ = {
			isa = XCBuildConfiguration;
			buildSettings = {
				ALWAYS_SEARCH_USER_PATHS = NO;
				CLANG_ANALYZER_NONNULL = YES;
				CLANG_ANALYZER_NUMBER_OBJECT_CONVERSION = YES_AGGRESSIVE;
				CLANG_CXX_LANGUAGE_STANDARD = "gnu++0x";
				CLANG_CXX_LIBRARY = "libc++";
				CLANG_ENABLE_MODULES = YES;
				CLANG_ENABLE_OBJC_ARC = YES;
				CLANG_WARN_BOOL_CONVERSION = YES;
				CLANG_WARN_CONSTANT_CONVERSION = YES;
				CLANG_WARN_DIRECT_OBJC_ISA_USAGE = YES_ERROR;
				CLANG_WARN_DOCUMENTATION_COMMENTS = YES;
				CLANG_WARN_EMPTY_BODY = YES;
				CLANG_WARN_ENUM_CONVERSION = YES;
				CLANG_WARN_INFINITE_RECURSION = YES;
				CLANG_WARN_INT_CONVERSION = YES;
				CLANG_WARN_OBJC_ROOT_CLASS = YES_ERROR;
				CLANG_WARN_SUSPICIOUS_MOVE = YES;
				CLANG_WARN_UNREACHABLE_CODE = YES;
				CLANG_WARN__DUPLICATE_METHOD_MATCH = YES;
				CODE_SIGN_IDENTITY = "-";
				COPY_PHASE_STRIP = NO;
				DEBUG_INFORMATION_FORMAT = "dwarf-with-dsym";
				ENABLE_NS_ASSERTIONS = NO;
				ENABLE_STRICT_OBJC_MSGSEND = YES;
				GCC_C_LANGUAGE_STANDARD = gnu99;
				GCC_NO_COMMON_BLOCKS = YES;
				GCC_WARN_64_TO_32_BIT_CONVERSION = YES;
				GCC_WARN_ABOUT_RETURN_TYPE = YES_ERROR;
				GCC_WARN_UNDECLARED_SELECTOR = YES;
				GCC_WARN_UNINITIALIZED_AUTOS = YES_AGGRESSIVE;
				GCC_WARN_UNUSED_FUNCTION = YES;
				GCC_WARN_UNUSED_VARIABLE = YES;
				MACOSX_DEPLOYMENT_TARGET = 10.12;
				MTL_ENABLE_DEBUG_INFO = NO;
				SDKROOT = macosx;
			};
			name = Release;
		};
		0DF03B071F1B98BE003D728F /* Debug */ = {
			isa = XCBuildConfiguration;
			buildSettings = {
				PRODUCT_NAME = "$(TARGET_NAME)";
			};
			name = Debug;
		};
		0DF03B081F1B98BE003D728F /* Release */ = {
			isa = XCBuildConfiguration;
			buildSettings = {
				PRODUCT_NAME = "$(TARGET_NAME)";
			};
			name = Release;
		};
/* End XCBuildConfiguration section */

/* Begin XCConfigurationList section */
		0DF03AFA1F1B98BE003D728F /* Build configuration list for PBXProject "test" */ = {
			isa = XCConfigurationList;
			buildConfigurations = (
				0DF03B041F1B98BE003D728F /* Debug */,
				0DF03B051F1B98BE003D728F /* Release */,
			);
			defaultConfigurationIsVisible = 0;
			defaultConfigurationName = Release;
		};
		0DF03B061F1B98BE003D728F /* Build configuration list for PBXNativeTarget "test" */ = {
			isa = XCConfigurationList;
			buildConfigurations = (
				0DF03B071F1B98BE003D728F /* Debug */,
				0DF03B081F1B98BE003D728F /* Release */,
			);
			defaultConfigurationIsVisible = 0;
		};
/* End XCConfigurationList section */
	};
	rootObject = 0DF03AF71F1B98BE003D728F /* Project object */;
}
